// !$*UTF8*$!
{
	archiveVersion = 1;
	classes = {
	};
	objectVersion = 46;
	objects = {

/* Begin PBXBuildFile section */
		C9290C3519482528008AE4DE /* WebKit.framework in Frameworks */ = {isa = PBXBuildFile; fileRef = C9290C3419482528008AE4DE /* WebKit.framework */; };
		C9290C3819492CC2008AE4DE /* MSQSharingManager.m in Sources */ = {isa = PBXBuildFile; fileRef = C9290C3719492CC2008AE4DE /* MSQSharingManager.m */; };
		C9290C3B19492E2E008AE4DE /* MSQPasswordManager.m in Sources */ = {isa = PBXBuildFile; fileRef = C9290C3A19492E2E008AE4DE /* MSQPasswordManager.m */; };
		C9290C3E19492F7D008AE4DE /* MSQSearchManager.m in Sources */ = {isa = PBXBuildFile; fileRef = C9290C3D19492F7D008AE4DE /* MSQSearchManager.m */; };
		C96B153C1925EAE4005F90A6 /* AddressBook.framework in Frameworks */ = {isa = PBXBuildFile; fileRef = C96B153B1925EAE4005F90A6 /* AddressBook.framework */; };
		C96B153E1925EAEE005F90A6 /* MediaPlayer.framework in Frameworks */ = {isa = PBXBuildFile; fileRef = C96B153D1925EAEE005F90A6 /* MediaPlayer.framework */; };
		C96B15401925EB02005F90A6 /* CoreLocation.framework in Frameworks */ = {isa = PBXBuildFile; fileRef = C96B153F1925EB02005F90A6 /* CoreLocation.framework */; };
		C9B3E8A7194931EE00790926 /* MSQResetManager.m in Sources */ = {isa = PBXBuildFile; fileRef = C9B3E8A6194931EE00790926 /* MSQResetManager.m */; };
		C9B9321E191EB9380046FF02 /* main.m in Sources */ = {isa = PBXBuildFile; fileRef = C9B9321D191EB9380046FF02 /* main.m */; };
		C9B93222191EB9380046FF02 /* MSQAppDelegate.m in Sources */ = {isa = PBXBuildFile; fileRef = C9B93221191EB9380046FF02 /* MSQAppDelegate.m */; };
		C9B93224191EB9380046FF02 /* Images.xcassets in Resources */ = {isa = PBXBuildFile; fileRef = C9B93223191EB9380046FF02 /* Images.xcassets */; };
		C9B93237191EB9390046FF02 /* MSQURLInterpreterTests.m in Sources */ = {isa = PBXBuildFile; fileRef = C9B93236191EB9390046FF02 /* MSQURLInterpreterTests.m */; };
		C9C571AD191EE8A0009FDB2E /* MSQWebViewController.m in Sources */ = {isa = PBXBuildFile; fileRef = C9C571AC191EE8A0009FDB2E /* MSQWebViewController.m */; };
		C9C6730B192311A7000AE47C /* MSQURLInterpreter.m in Sources */ = {isa = PBXBuildFile; fileRef = C9C6730A192311A7000AE47C /* MSQURLInterpreter.m */; };
		E1D111B9375744D09BCD2064 /* libPods.a in Frameworks */ = {isa = PBXBuildFile; fileRef = 7BA615D54F0B4158B1AC6462 /* libPods.a */; };
/* End PBXBuildFile section */

/* Begin PBXContainerItemProxy section */
		C9B9322E191EB9390046FF02 /* PBXContainerItemProxy */ = {
			isa = PBXContainerItemProxy;
			containerPortal = C9B93206191EB9380046FF02 /* Project object */;
			proxyType = 1;
			remoteGlobalIDString = C9B9320D191EB9380046FF02;
			remoteInfo = Masquerade;
		};
/* End PBXContainerItemProxy section */

/* Begin PBXFileReference section */
		36E369D53215495595EF7568 /* Pods.xcconfig */ = {isa = PBXFileReference; includeInIndex = 1; lastKnownFileType = text.xcconfig; name = Pods.xcconfig; path = Pods/Pods.xcconfig; sourceTree = "<group>"; };
		7BA615D54F0B4158B1AC6462 /* libPods.a */ = {isa = PBXFileReference; explicitFileType = archive.ar; includeInIndex = 0; path = libPods.a; sourceTree = BUILT_PRODUCTS_DIR; };
		C9290C3419482528008AE4DE /* WebKit.framework */ = {isa = PBXFileReference; lastKnownFileType = wrapper.framework; name = WebKit.framework; path = System/Library/Frameworks/WebKit.framework; sourceTree = SDKROOT; };
		C9290C3619492CC2008AE4DE /* MSQSharingManager.h */ = {isa = PBXFileReference; fileEncoding = 4; lastKnownFileType = sourcecode.c.h; path = MSQSharingManager.h; sourceTree = "<group>"; };
		C9290C3719492CC2008AE4DE /* MSQSharingManager.m */ = {isa = PBXFileReference; fileEncoding = 4; lastKnownFileType = sourcecode.c.objc; path = MSQSharingManager.m; sourceTree = "<group>"; };
		C9290C3919492E2E008AE4DE /* MSQPasswordManager.h */ = {isa = PBXFileReference; fileEncoding = 4; lastKnownFileType = sourcecode.c.h; path = MSQPasswordManager.h; sourceTree = "<group>"; };
		C9290C3A19492E2E008AE4DE /* MSQPasswordManager.m */ = {isa = PBXFileReference; fileEncoding = 4; lastKnownFileType = sourcecode.c.objc; path = MSQPasswordManager.m; sourceTree = "<group>"; };
		C9290C3C19492F7D008AE4DE /* MSQSearchManager.h */ = {isa = PBXFileReference; fileEncoding = 4; lastKnownFileType = sourcecode.c.h; path = MSQSearchManager.h; sourceTree = "<group>"; };
		C9290C3D19492F7D008AE4DE /* MSQSearchManager.m */ = {isa = PBXFileReference; fileEncoding = 4; lastKnownFileType = sourcecode.c.objc; path = MSQSearchManager.m; sourceTree = "<group>"; };
		C96B153B1925EAE4005F90A6 /* AddressBook.framework */ = {isa = PBXFileReference; lastKnownFileType = wrapper.framework; name = AddressBook.framework; path = System/Library/Frameworks/AddressBook.framework; sourceTree = SDKROOT; };
		C96B153D1925EAEE005F90A6 /* MediaPlayer.framework */ = {isa = PBXFileReference; lastKnownFileType = wrapper.framework; name = MediaPlayer.framework; path = System/Library/Frameworks/MediaPlayer.framework; sourceTree = SDKROOT; };
		C96B153F1925EB02005F90A6 /* CoreLocation.framework */ = {isa = PBXFileReference; lastKnownFileType = wrapper.framework; name = CoreLocation.framework; path = System/Library/Frameworks/CoreLocation.framework; sourceTree = SDKROOT; };
		C9B3E8A5194931EE00790926 /* MSQResetManager.h */ = {isa = PBXFileReference; fileEncoding = 4; lastKnownFileType = sourcecode.c.h; path = MSQResetManager.h; sourceTree = "<group>"; };
		C9B3E8A6194931EE00790926 /* MSQResetManager.m */ = {isa = PBXFileReference; fileEncoding = 4; lastKnownFileType = sourcecode.c.objc; path = MSQResetManager.m; sourceTree = "<group>"; };
		C9B9320E191EB9380046FF02 /* Masquerade.app */ = {isa = PBXFileReference; explicitFileType = wrapper.application; includeInIndex = 0; path = Masquerade.app; sourceTree = BUILT_PRODUCTS_DIR; };
		C9B93219191EB9380046FF02 /* Masquerade-Info.plist */ = {isa = PBXFileReference; lastKnownFileType = text.plist.xml; path = "Masquerade-Info.plist"; sourceTree = "<group>"; };
		C9B9321D191EB9380046FF02 /* main.m */ = {isa = PBXFileReference; lastKnownFileType = sourcecode.c.objc; path = main.m; sourceTree = "<group>"; };
		C9B9321F191EB9380046FF02 /* Masquerade-Prefix.pch */ = {isa = PBXFileReference; lastKnownFileType = sourcecode.c.h; path = "Masquerade-Prefix.pch"; sourceTree = "<group>"; };
		C9B93220191EB9380046FF02 /* MSQAppDelegate.h */ = {isa = PBXFileReference; lastKnownFileType = sourcecode.c.h; path = MSQAppDelegate.h; sourceTree = "<group>"; };
		C9B93221191EB9380046FF02 /* MSQAppDelegate.m */ = {isa = PBXFileReference; lastKnownFileType = sourcecode.c.objc; path = MSQAppDelegate.m; sourceTree = "<group>"; };
		C9B93223191EB9380046FF02 /* Images.xcassets */ = {isa = PBXFileReference; lastKnownFileType = folder.assetcatalog; path = Images.xcassets; sourceTree = "<group>"; };
		C9B93229191EB9390046FF02 /* MasqueradeTests.xctest */ = {isa = PBXFileReference; explicitFileType = wrapper.cfbundle; includeInIndex = 0; path = MasqueradeTests.xctest; sourceTree = BUILT_PRODUCTS_DIR; };
		C9B93236191EB9390046FF02 /* MSQURLInterpreterTests.m */ = {isa = PBXFileReference; lastKnownFileType = sourcecode.c.objc; path = MSQURLInterpreterTests.m; sourceTree = "<group>"; };
		C9C571AB191EE8A0009FDB2E /* MSQWebViewController.h */ = {isa = PBXFileReference; fileEncoding = 4; lastKnownFileType = sourcecode.c.h; path = MSQWebViewController.h; sourceTree = "<group>"; };
		C9C571AC191EE8A0009FDB2E /* MSQWebViewController.m */ = {isa = PBXFileReference; fileEncoding = 4; lastKnownFileType = sourcecode.c.objc; path = MSQWebViewController.m; sourceTree = "<group>"; };
		C9C67309192311A7000AE47C /* MSQURLInterpreter.h */ = {isa = PBXFileReference; fileEncoding = 4; lastKnownFileType = sourcecode.c.h; path = MSQURLInterpreter.h; sourceTree = "<group>"; };
		C9C6730A192311A7000AE47C /* MSQURLInterpreter.m */ = {isa = PBXFileReference; fileEncoding = 4; lastKnownFileType = sourcecode.c.objc; path = MSQURLInterpreter.m; sourceTree = "<group>"; };
		C9E5740C191ECB7A00865E93 /* LICENSE */ = {isa = PBXFileReference; lastKnownFileType = text; path = LICENSE; sourceTree = "<group>"; };
		C9E5740D191ECF0D00865E93 /* README.md */ = {isa = PBXFileReference; lastKnownFileType = text; path = README.md; sourceTree = "<group>"; };
/* End PBXFileReference section */

/* Begin PBXFrameworksBuildPhase section */
		C9B9320B191EB9380046FF02 /* Frameworks */ = {
			isa = PBXFrameworksBuildPhase;
			buildActionMask = 2147483647;
			files = (
				E1D111B9375744D09BCD2064 /* libPods.a in Frameworks */,
				C96B153C1925EAE4005F90A6 /* AddressBook.framework in Frameworks */,
				C96B153E1925EAEE005F90A6 /* MediaPlayer.framework in Frameworks */,
				C96B15401925EB02005F90A6 /* CoreLocation.framework in Frameworks */,
				C9290C3519482528008AE4DE /* WebKit.framework in Frameworks */,
			);
			runOnlyForDeploymentPostprocessing = 0;
		};
		C9B93226191EB9390046FF02 /* Frameworks */ = {
			isa = PBXFrameworksBuildPhase;
			buildActionMask = 2147483647;
			files = (
			);
			runOnlyForDeploymentPostprocessing = 0;
		};
/* End PBXFrameworksBuildPhase section */

/* Begin PBXGroup section */
		988B6C2C41C04AFFA5E2B217 /* Frameworks */ = {
			isa = PBXGroup;
			children = (
				7BA615D54F0B4158B1AC6462 /* libPods.a */,
				C96B153B1925EAE4005F90A6 /* AddressBook.framework */,
				C96B153D1925EAEE005F90A6 /* MediaPlayer.framework */,
				C96B153F1925EB02005F90A6 /* CoreLocation.framework */,
				C9290C3419482528008AE4DE /* WebKit.framework */,
			);
			name = Frameworks;
			sourceTree = "<group>";
		};
		C96B153A1925A93E005F90A6 /* Config */ = {
			isa = PBXGroup;
			children = (
				36E369D53215495595EF7568 /* Pods.xcconfig */,
			);
			name = Config;
			sourceTree = "<group>";
		};
		C9B93205191EB9380046FF02 = {
			isa = PBXGroup;
			children = (
				C9B93217191EB9380046FF02 /* Masquerade */,
				C9B93230191EB9390046FF02 /* MasqueradeTests */,
				C96B153A1925A93E005F90A6 /* Config */,
				988B6C2C41C04AFFA5E2B217 /* Frameworks */,
				C9B9320F191EB9380046FF02 /* Products */,
				C9E5740B191ECB4E00865E93 /* Docs */,
			);
			indentWidth = 4;
			sourceTree = "<group>";
			tabWidth = 4;
			usesTabs = 0;
		};
		C9B9320F191EB9380046FF02 /* Products */ = {
			isa = PBXGroup;
			children = (
				C9B9320E191EB9380046FF02 /* Masquerade.app */,
				C9B93229191EB9390046FF02 /* MasqueradeTests.xctest */,
			);
			name = Products;
			sourceTree = "<group>";
		};
		C9B93217191EB9380046FF02 /* Masquerade */ = {
			isa = PBXGroup;
			children = (
				C9C571AA191ED69F009FDB2E /* Source */,
				C9C571A9191ED623009FDB2E /* Assets */,
				C9B93218191EB9380046FF02 /* Supporting Files */,
			);
			path = Masquerade;
			sourceTree = "<group>";
		};
		C9B93218191EB9380046FF02 /* Supporting Files */ = {
			isa = PBXGroup;
			children = (
				C9B93219191EB9380046FF02 /* Masquerade-Info.plist */,
				C9B9321D191EB9380046FF02 /* main.m */,
				C9B9321F191EB9380046FF02 /* Masquerade-Prefix.pch */,
			);
			name = "Supporting Files";
			sourceTree = "<group>";
		};
		C9B93230191EB9390046FF02 /* MasqueradeTests */ = {
			isa = PBXGroup;
			children = (
				C9B93236191EB9390046FF02 /* MSQURLInterpreterTests.m */,
			);
			path = MasqueradeTests;
			sourceTree = "<group>";
		};
		C9C571A9191ED623009FDB2E /* Assets */ = {
			isa = PBXGroup;
			children = (
				C9B93223191EB9380046FF02 /* Images.xcassets */,
			);
			path = Assets;
			sourceTree = "<group>";
		};
		C9C571AA191ED69F009FDB2E /* Source */ = {
			isa = PBXGroup;
			children = (
				C9B93220191EB9380046FF02 /* MSQAppDelegate.h */,
				C9B93221191EB9380046FF02 /* MSQAppDelegate.m */,
				C9C571AB191EE8A0009FDB2E /* MSQWebViewController.h */,
				C9C571AC191EE8A0009FDB2E /* MSQWebViewController.m */,
				C9C67309192311A7000AE47C /* MSQURLInterpreter.h */,
				C9C6730A192311A7000AE47C /* MSQURLInterpreter.m */,
				C9290C3619492CC2008AE4DE /* MSQSharingManager.h */,
				C9290C3719492CC2008AE4DE /* MSQSharingManager.m */,
				C9290C3919492E2E008AE4DE /* MSQPasswordManager.h */,
				C9290C3A19492E2E008AE4DE /* MSQPasswordManager.m */,
				C9290C3C19492F7D008AE4DE /* MSQSearchManager.h */,
				C9290C3D19492F7D008AE4DE /* MSQSearchManager.m */,
				C9B3E8A5194931EE00790926 /* MSQResetManager.h */,
				C9B3E8A6194931EE00790926 /* MSQResetManager.m */,
			);
			path = Source;
			sourceTree = "<group>";
		};
		C9E5740B191ECB4E00865E93 /* Docs */ = {
			isa = PBXGroup;
			children = (
				C9E5740D191ECF0D00865E93 /* README.md */,
				C9E5740C191ECB7A00865E93 /* LICENSE */,
			);
			name = Docs;
			sourceTree = "<group>";
		};
/* End PBXGroup section */

/* Begin PBXNativeTarget section */
		C9B9320D191EB9380046FF02 /* Masquerade */ = {
			isa = PBXNativeTarget;
			buildConfigurationList = C9B9323A191EB9390046FF02 /* Build configuration list for PBXNativeTarget "Masquerade" */;
			buildPhases = (
				CB97010316434447AFF7B824 /* Check Pods Manifest.lock */,
				C9B9320A191EB9380046FF02 /* Sources */,
				C9B9320B191EB9380046FF02 /* Frameworks */,
				C9B9320C191EB9380046FF02 /* Resources */,
				4C63E5E71B1442DFA8B211C1 /* Warn for TODO and FIXME comments */,
				0BADB2AE16E9464784B7507F /* Copy Pods Resources */,
			);
			buildRules = (
			);
			dependencies = (
			);
			name = Masquerade;
			productName = Masquerade;
			productReference = C9B9320E191EB9380046FF02 /* Masquerade.app */;
			productType = "com.apple.product-type.application";
		};
		C9B93228191EB9390046FF02 /* MasqueradeTests */ = {
			isa = PBXNativeTarget;
			buildConfigurationList = C9B9323D191EB9390046FF02 /* Build configuration list for PBXNativeTarget "MasqueradeTests" */;
			buildPhases = (
				C9B93225191EB9390046FF02 /* Sources */,
				C9B93226191EB9390046FF02 /* Frameworks */,
				C9B93227191EB9390046FF02 /* Resources */,
			);
			buildRules = (
			);
			dependencies = (
				C9B9322F191EB9390046FF02 /* PBXTargetDependency */,
			);
			name = MasqueradeTests;
			productName = MasqueradeTests;
			productReference = C9B93229191EB9390046FF02 /* MasqueradeTests.xctest */;
			productType = "com.apple.product-type.bundle.unit-test";
		};
/* End PBXNativeTarget section */

/* Begin PBXProject section */
		C9B93206191EB9380046FF02 /* Project object */ = {
			isa = PBXProject;
			attributes = {
				CLASSPREFIX = MSQ;
				LastUpgradeCheck = 0510;
				ORGANIZATIONNAME = "Matt Rubin";
				TargetAttributes = {
					C9B93228191EB9390046FF02 = {
						TestTargetID = C9B9320D191EB9380046FF02;
					};
				};
			};
			buildConfigurationList = C9B93209191EB9380046FF02 /* Build configuration list for PBXProject "Masquerade" */;
			compatibilityVersion = "Xcode 3.2";
			developmentRegion = English;
			hasScannedForEncodings = 0;
			knownRegions = (
				en,
			);
			mainGroup = C9B93205191EB9380046FF02;
			productRefGroup = C9B9320F191EB9380046FF02 /* Products */;
			projectDirPath = "";
			projectRoot = "";
			targets = (
				C9B9320D191EB9380046FF02 /* Masquerade */,
				C9B93228191EB9390046FF02 /* MasqueradeTests */,
			);
		};
/* End PBXProject section */

/* Begin PBXResourcesBuildPhase section */
		C9B9320C191EB9380046FF02 /* Resources */ = {
			isa = PBXResourcesBuildPhase;
			buildActionMask = 2147483647;
			files = (
				C9B93224191EB9380046FF02 /* Images.xcassets in Resources */,
			);
			runOnlyForDeploymentPostprocessing = 0;
		};
		C9B93227191EB9390046FF02 /* Resources */ = {
			isa = PBXResourcesBuildPhase;
			buildActionMask = 2147483647;
			files = (
			);
			runOnlyForDeploymentPostprocessing = 0;
		};
/* End PBXResourcesBuildPhase section */

/* Begin PBXShellScriptBuildPhase section */
		0BADB2AE16E9464784B7507F /* Copy Pods Resources */ = {
			isa = PBXShellScriptBuildPhase;
			buildActionMask = 2147483647;
			files = (
			);
			inputPaths = (
			);
			name = "Copy Pods Resources";
			outputPaths = (
			);
			runOnlyForDeploymentPostprocessing = 0;
			shellPath = /bin/sh;
			shellScript = "\"${SRCROOT}/Pods/Pods-resources.sh\"\n";
			showEnvVarsInLog = 0;
		};
		4C63E5E71B1442DFA8B211C1 /* Warn for TODO and FIXME comments */ = {
			isa = PBXShellScriptBuildPhase;
			buildActionMask = 2147483647;
			files = (
			);
			inputPaths = (
			);
			name = "Warn for TODO and FIXME comments";
			outputPaths = (
			);
			runOnlyForDeploymentPostprocessing = 0;
			shellPath = /bin/sh;
			shellScript = "KEYWORDS=\"TODO:|FIXME:|\\?\\?\\?:|\\!\\!\\!:\"\nFILE_EXTENSIONS=\"h|m|mm|c|cpp\"\nfind -E \"${SRCROOT}\" -ipath \"${SRCROOT}/pods\" -prune -o \\( -regex \".*\\.($FILE_EXTENSIONS)$\" \\) -print0 | xargs -0 egrep --with-filename --line-number --only-matching \"($KEYWORDS).*\\$\" | perl -p -e \"s/($KEYWORDS)/ warning: \\$1/\"\n";
		};
		CB97010316434447AFF7B824 /* Check Pods Manifest.lock */ = {
			isa = PBXShellScriptBuildPhase;
			buildActionMask = 2147483647;
			files = (
			);
			inputPaths = (
			);
			name = "Check Pods Manifest.lock";
			outputPaths = (
			);
			runOnlyForDeploymentPostprocessing = 0;
			shellPath = /bin/sh;
			shellScript = "diff \"${PODS_ROOT}/../Podfile.lock\" \"${PODS_ROOT}/Manifest.lock\" > /dev/null\nif [[ $? != 0 ]] ; then\n    cat << EOM\nerror: The sandbox is not in sync with the Podfile.lock. Run 'pod install' or update your CocoaPods installation.\nEOM\n    exit 1\nfi\n";
			showEnvVarsInLog = 0;
		};
/* End PBXShellScriptBuildPhase section */

/* Begin PBXSourcesBuildPhase section */
		C9B9320A191EB9380046FF02 /* Sources */ = {
			isa = PBXSourcesBuildPhase;
			buildActionMask = 2147483647;
			files = (
				C9C571AD191EE8A0009FDB2E /* MSQWebViewController.m in Sources */,
				C9290C3819492CC2008AE4DE /* MSQSharingManager.m in Sources */,
				C9B93222191EB9380046FF02 /* MSQAppDelegate.m in Sources */,
				C9B3E8A7194931EE00790926 /* MSQResetManager.m in Sources */,
				C9290C3E19492F7D008AE4DE /* MSQSearchManager.m in Sources */,
				C9C6730B192311A7000AE47C /* MSQURLInterpreter.m in Sources */,
				C9290C3B19492E2E008AE4DE /* MSQPasswordManager.m in Sources */,
				C9B9321E191EB9380046FF02 /* main.m in Sources */,
			);
			runOnlyForDeploymentPostprocessing = 0;
		};
		C9B93225191EB9390046FF02 /* Sources */ = {
			isa = PBXSourcesBuildPhase;
			buildActionMask = 2147483647;
			files = (
				C9B93237191EB9390046FF02 /* MSQURLInterpreterTests.m in Sources */,
			);
			runOnlyForDeploymentPostprocessing = 0;
		};
/* End PBXSourcesBuildPhase section */

/* Begin PBXTargetDependency section */
		C9B9322F191EB9390046FF02 /* PBXTargetDependency */ = {
			isa = PBXTargetDependency;
			target = C9B9320D191EB9380046FF02 /* Masquerade */;
			targetProxy = C9B9322E191EB9390046FF02 /* PBXContainerItemProxy */;
		};
/* End PBXTargetDependency section */

/* Begin XCBuildConfiguration section */
		C9B93238191EB9390046FF02 /* Debug */ = {
			isa = XCBuildConfiguration;
			buildSettings = {
				ALWAYS_SEARCH_USER_PATHS = NO;
				CLANG_CXX_LANGUAGE_STANDARD = "gnu++0x";
				CLANG_CXX_LIBRARY = "libc++";
				CLANG_ENABLE_MODULES = YES;
				CLANG_ENABLE_OBJC_ARC = YES;
				CLANG_MODULES_AUTOLINK = YES;
				CLANG_WARN_BOOL_CONVERSION = YES;
				CLANG_WARN_CONSTANT_CONVERSION = YES;
				CLANG_WARN_DEPRECATED_OBJC_IMPLEMENTATIONS = YES;
				CLANG_WARN_DIRECT_OBJC_ISA_USAGE = YES_ERROR;
				CLANG_WARN_DOCUMENTATION_COMMENTS = YES;
				CLANG_WARN_EMPTY_BODY = YES;
				CLANG_WARN_ENUM_CONVERSION = YES;
				CLANG_WARN_IMPLICIT_SIGN_CONVERSION = YES;
				CLANG_WARN_INT_CONVERSION = YES;
				CLANG_WARN_OBJC_EXPLICIT_OWNERSHIP_TYPE = YES;
				CLANG_WARN_OBJC_IMPLICIT_ATOMIC_PROPERTIES = YES;
				CLANG_WARN_OBJC_IMPLICIT_RETAIN_SELF = YES;
				CLANG_WARN_OBJC_RECEIVER_WEAK = YES;
				CLANG_WARN_OBJC_REPEATED_USE_OF_WEAK = YES;
				CLANG_WARN_OBJC_ROOT_CLASS = YES_ERROR;
				CLANG_WARN_SUSPICIOUS_IMPLICIT_CONVERSION = YES;
				CLANG_WARN__ARC_BRIDGE_CAST_NONARC = YES;
				CLANG_WARN__DUPLICATE_METHOD_MATCH = YES;
				CODE_SIGN_IDENTITY = "iPhone Developer";
				COPY_PHASE_STRIP = NO;
				GCC_C_LANGUAGE_STANDARD = gnu99;
				GCC_DYNAMIC_NO_PIC = NO;
				GCC_OPTIMIZATION_LEVEL = 0;
				GCC_PRECOMPILE_PREFIX_HEADER = YES;
				GCC_PREPROCESSOR_DEFINITIONS = (
					"DEBUG=1",
					"$(inherited)",
				);
				GCC_SYMBOLS_PRIVATE_EXTERN = NO;
				GCC_TREAT_IMPLICIT_FUNCTION_DECLARATIONS_AS_ERRORS = YES;
				GCC_TREAT_INCOMPATIBLE_POINTER_TYPE_WARNINGS_AS_ERRORS = YES;
				GCC_WARN_64_TO_32_BIT_CONVERSION = YES;
				GCC_WARN_ABOUT_DEPRECATED_FUNCTIONS = YES;
				GCC_WARN_ABOUT_MISSING_FIELD_INITIALIZERS = YES;
				GCC_WARN_ABOUT_MISSING_NEWLINE = YES;
				GCC_WARN_ABOUT_MISSING_PROTOTYPES = YES;
				GCC_WARN_ABOUT_POINTER_SIGNEDNESS = YES;
				GCC_WARN_ABOUT_RETURN_TYPE = YES_ERROR;
				GCC_WARN_ALLOW_INCOMPLETE_PROTOCOL = YES;
				GCC_WARN_CHECK_SWITCH_STATEMENTS = YES;
				GCC_WARN_FOUR_CHARACTER_CONSTANTS = YES;
				GCC_WARN_INITIALIZER_NOT_FULLY_BRACKETED = YES;
				GCC_WARN_MISSING_PARENTHESES = YES;
				GCC_WARN_MULTIPLE_DEFINITION_TYPES_FOR_SELECTOR = YES;
				GCC_WARN_PEDANTIC = YES;
				GCC_WARN_SHADOW = YES;
				GCC_WARN_SIGN_COMPARE = YES;
				GCC_WARN_STRICT_SELECTOR_MATCH = YES;
				GCC_WARN_TYPECHECK_CALLS_TO_PRINTF = YES;
				GCC_WARN_UNDECLARED_SELECTOR = YES;
				GCC_WARN_UNINITIALIZED_AUTOS = YES_AGGRESSIVE;
				GCC_WARN_UNKNOWN_PRAGMAS = YES;
				GCC_WARN_UNUSED_FUNCTION = YES;
				GCC_WARN_UNUSED_LABEL = YES;
				GCC_WARN_UNUSED_VALUE = YES;
				GCC_WARN_UNUSED_VARIABLE = YES;
				IPHONEOS_DEPLOYMENT_TARGET = 8.0;
				ONLY_ACTIVE_ARCH = YES;
				SDKROOT = iphoneos;
				WARNING_CFLAGS = (
					"-Weverything",
					"-Wno-gnu",
					"-Wno-objc-missing-property-synthesis",
					"-Wno-assign-enum",
				);
			};
			name = Debug;
		};
		C9B93239191EB9390046FF02 /* Release */ = {
			isa = XCBuildConfiguration;
			buildSettings = {
				ALWAYS_SEARCH_USER_PATHS = NO;
				CLANG_CXX_LANGUAGE_STANDARD = "gnu++0x";
				CLANG_CXX_LIBRARY = "libc++";
				CLANG_ENABLE_MODULES = YES;
				CLANG_ENABLE_OBJC_ARC = YES;
				CLANG_MODULES_AUTOLINK = YES;
				CLANG_WARN_BOOL_CONVERSION = YES;
				CLANG_WARN_CONSTANT_CONVERSION = YES;
				CLANG_WARN_DEPRECATED_OBJC_IMPLEMENTATIONS = YES;
				CLANG_WARN_DIRECT_OBJC_ISA_USAGE = YES_ERROR;
				CLANG_WARN_DOCUMENTATION_COMMENTS = YES;
				CLANG_WARN_EMPTY_BODY = YES;
				CLANG_WARN_ENUM_CONVERSION = YES;
				CLANG_WARN_IMPLICIT_SIGN_CONVERSION = YES;
				CLANG_WARN_INT_CONVERSION = YES;
				CLANG_WARN_OBJC_EXPLICIT_OWNERSHIP_TYPE = YES;
				CLANG_WARN_OBJC_IMPLICIT_ATOMIC_PROPERTIES = YES;
				CLANG_WARN_OBJC_IMPLICIT_RETAIN_SELF = YES;
				CLANG_WARN_OBJC_RECEIVER_WEAK = YES;
				CLANG_WARN_OBJC_REPEATED_USE_OF_WEAK = YES;
				CLANG_WARN_OBJC_ROOT_CLASS = YES_ERROR;
				CLANG_WARN_SUSPICIOUS_IMPLICIT_CONVERSION = YES;
				CLANG_WARN__ARC_BRIDGE_CAST_NONARC = YES;
				CLANG_WARN__DUPLICATE_METHOD_MATCH = YES;
				CODE_SIGN_IDENTITY = "iPhone Developer";
				COPY_PHASE_STRIP = YES;
				ENABLE_NS_ASSERTIONS = NO;
				GCC_C_LANGUAGE_STANDARD = gnu99;
				GCC_PRECOMPILE_PREFIX_HEADER = YES;
				GCC_TREAT_IMPLICIT_FUNCTION_DECLARATIONS_AS_ERRORS = YES;
				GCC_TREAT_INCOMPATIBLE_POINTER_TYPE_WARNINGS_AS_ERRORS = YES;
				GCC_TREAT_WARNINGS_AS_ERRORS = YES;
				GCC_WARN_64_TO_32_BIT_CONVERSION = YES;
				GCC_WARN_ABOUT_DEPRECATED_FUNCTIONS = YES;
				GCC_WARN_ABOUT_MISSING_FIELD_INITIALIZERS = YES;
				GCC_WARN_ABOUT_MISSING_NEWLINE = YES;
				GCC_WARN_ABOUT_MISSING_PROTOTYPES = YES;
				GCC_WARN_ABOUT_POINTER_SIGNEDNESS = YES;
				GCC_WARN_ABOUT_RETURN_TYPE = YES_ERROR;
				GCC_WARN_ALLOW_INCOMPLETE_PROTOCOL = YES;
				GCC_WARN_CHECK_SWITCH_STATEMENTS = YES;
				GCC_WARN_FOUR_CHARACTER_CONSTANTS = YES;
				GCC_WARN_INITIALIZER_NOT_FULLY_BRACKETED = YES;
				GCC_WARN_MISSING_PARENTHESES = YES;
				GCC_WARN_MULTIPLE_DEFINITION_TYPES_FOR_SELECTOR = YES;
				GCC_WARN_PEDANTIC = YES;
				GCC_WARN_SHADOW = YES;
				GCC_WARN_SIGN_COMPARE = YES;
				GCC_WARN_STRICT_SELECTOR_MATCH = YES;
				GCC_WARN_TYPECHECK_CALLS_TO_PRINTF = YES;
				GCC_WARN_UNDECLARED_SELECTOR = YES;
				GCC_WARN_UNINITIALIZED_AUTOS = YES_AGGRESSIVE;
				GCC_WARN_UNKNOWN_PRAGMAS = YES;
				GCC_WARN_UNUSED_FUNCTION = YES;
				GCC_WARN_UNUSED_LABEL = YES;
				GCC_WARN_UNUSED_VALUE = YES;
				GCC_WARN_UNUSED_VARIABLE = YES;
				IPHONEOS_DEPLOYMENT_TARGET = 8.0;
				SDKROOT = iphoneos;
				VALIDATE_PRODUCT = YES;
				WARNING_CFLAGS = (
					"-Weverything",
					"-Wno-gnu",
					"-Wno-objc-missing-property-synthesis",
					"-Wno-assign-enum",
				);
			};
			name = Release;
		};
		C9B9323B191EB9390046FF02 /* Debug */ = {
			isa = XCBuildConfiguration;
			baseConfigurationReference = 36E369D53215495595EF7568 /* Pods.xcconfig */;
			buildSettings = {
				ASSETCATALOG_COMPILER_APPICON_NAME = AppIcon;
				ASSETCATALOG_COMPILER_LAUNCHIMAGE_NAME = LaunchImage;
				GCC_PREFIX_HEADER = "Masquerade/Masquerade-Prefix.pch";
				INFOPLIST_FILE = "Masquerade/Masquerade-Info.plist";
				PRODUCT_NAME = "$(TARGET_NAME)";
			};
			name = Debug;
		};
		C9B9323C191EB9390046FF02 /* Release */ = {
			isa = XCBuildConfiguration;
			baseConfigurationReference = 36E369D53215495595EF7568 /* Pods.xcconfig */;
			buildSettings = {
				ASSETCATALOG_COMPILER_APPICON_NAME = AppIcon;
				ASSETCATALOG_COMPILER_LAUNCHIMAGE_NAME = LaunchImage;
				GCC_PREFIX_HEADER = "Masquerade/Masquerade-Prefix.pch";
				INFOPLIST_FILE = "Masquerade/Masquerade-Info.plist";
				PRODUCT_NAME = "$(TARGET_NAME)";
			};
			name = Release;
		};
		C9B9323E191EB9390046FF02 /* Debug */ = {
			isa = XCBuildConfiguration;
			buildSettings = {
				BUNDLE_LOADER = "$(BUILT_PRODUCTS_DIR)/Masquerade.app/Masquerade";
				FRAMEWORK_SEARCH_PATHS = (
					"$(SDKROOT)/Developer/Library/Frameworks",
					"$(inherited)",
					"$(DEVELOPER_FRAMEWORKS_DIR)",
				);
				PRODUCT_NAME = "$(TARGET_NAME)";
				TEST_HOST = "$(BUNDLE_LOADER)";
				WRAPPER_EXTENSION = xctest;
			};
			name = Debug;
		};
		C9B9323F191EB9390046FF02 /* Release */ = {
			isa = XCBuildConfiguration;
			buildSettings = {
				BUNDLE_LOADER = "$(BUILT_PRODUCTS_DIR)/Masquerade.app/Masquerade";
				FRAMEWORK_SEARCH_PATHS = (
					"$(SDKROOT)/Developer/Library/Frameworks",
					"$(inherited)",
					"$(DEVELOPER_FRAMEWORKS_DIR)",
				);
				PRODUCT_NAME = "$(TARGET_NAME)";
				TEST_HOST = "$(BUNDLE_LOADER)";
				WRAPPER_EXTENSION = xctest;
			};
			name = Release;
		};
/* End XCBuildConfiguration section */

/* Begin XCConfigurationList section */
		C9B93209191EB9380046FF02 /* Build configuration list for PBXProject "Masquerade" */ = {
			isa = XCConfigurationList;
			buildConfigurations = (
				C9B93238191EB9390046FF02 /* Debug */,
				C9B93239191EB9390046FF02 /* Release */,
			);
			defaultConfigurationIsVisible = 0;
			defaultConfigurationName = Release;
		};
		C9B9323A191EB9390046FF02 /* Build configuration list for PBXNativeTarget "Masquerade" */ = {
			isa = XCConfigurationList;
			buildConfigurations = (
				C9B9323B191EB9390046FF02 /* Debug */,
				C9B9323C191EB9390046FF02 /* Release */,
			);
			defaultConfigurationIsVisible = 0;
			defaultConfigurationName = Release;
		};
		C9B9323D191EB9390046FF02 /* Build configuration list for PBXNativeTarget "MasqueradeTests" */ = {
			isa = XCConfigurationList;
			buildConfigurations = (
				C9B9323E191EB9390046FF02 /* Debug */,
				C9B9323F191EB9390046FF02 /* Release */,
			);
			defaultConfigurationIsVisible = 0;
			defaultConfigurationName = Release;
		};
/* End XCConfigurationList section */
	};
	rootObject = C9B93206191EB9380046FF02 /* Project object */;
}
